
Microsoft Visual Studio Solution File, Format Version 12.00
# Visual Studio Version 17
VisualStudioVersion = 17.14.36310.24
MinimumVisualStudioVersion = 10.0.40219.1
Project("{FAE04EC0-301F-11D3-BF4B-00C04F79EFBC}") = "Employee Survey", "Employee Survey\Employee Survey.csproj", "{89EA03A2-FC19-4BDA-B73C-1663DB44A32D}"
EndProject
Project("{FAE04EC0-301F-11D3-BF4B-00C04F79EFBC}") = "EmployeeSurvey.AdminApp", "EmployeeSurvey.AdminApp\EmployeeSurvey.AdminApp.csproj", "{911C9EA7-4CE8-4E97-9811-0C8BCD7467C2}"
EndProject
Global
	GlobalSection(SolutionConfigurationPlatforms) = preSolution
		Debug|Any CPU = Debug|Any CPU
		Debug|x64 = Debug|x64
		Debug|x86 = Debug|x86
		Release|Any CPU = Release|Any CPU
		Release|x64 = Release|x64
		Release|x86 = Release|x86
	EndGlobalSection
	GlobalSection(ProjectConfigurationPlatforms) = postSolution
		{89EA03A2-FC19-4BDA-B73C-1663DB44A32D}.Debug|Any CPU.ActiveCfg = Debug|Any CPU
		{89EA03A2-FC19-4BDA-B73C-1663DB44A32D}.Debug|Any CPU.Build.0 = Debug|Any CPU
		{89EA03A2-FC19-4BDA-B73C-1663DB44A32D}.Debug|x64.ActiveCfg = Debug|Any CPU
		{89EA03A2-FC19-4BDA-B73C-1663DB44A32D}.Debug|x64.Build.0 = Debug|Any CPU
		{89EA03A2-FC19-4BDA-B73C-1663DB44A32D}.Debug|x86.ActiveCfg = Debug|Any CPU
		{89EA03A2-FC19-4BDA-B73C-1663DB44A32D}.Debug|x86.Build.0 = Debug|Any CPU
		{89EA03A2-FC19-4BDA-B73C-1663DB44A32D}.Release|Any CPU.ActiveCfg = Release|Any CPU
		{89EA03A2-FC19-4BDA-B73C-1663DB44A32D}.Release|Any CPU.Build.0 = Release|Any CPU
		{89EA03A2-FC19-4BDA-B73C-1663DB44A32D}.Release|x64.ActiveCfg = Release|Any CPU
		{89EA03A2-FC19-4BDA-B73C-1663DB44A32D}.Release|x64.Build.0 = Release|Any CPU
		{89EA03A2-FC19-4BDA-B73C-1663DB44A32D}.Release|x86.ActiveCfg = Release|Any CPU
		{89EA03A2-FC19-4BDA-B73C-1663DB44A32D}.Release|x86.Build.0 = Release|Any CPU
		{911C9EA7-4CE8-4E97-9811-0C8BCD7467C2}.Debug|Any CPU.ActiveCfg = Debug|Any CPU
		{911C9EA7-4CE8-4E97-9811-0C8BCD7467C2}.Debug|Any CPU.Build.0 = Debug|Any CPU
		{911C9EA7-4CE8-4E97-9811-0C8BCD7467C2}.Debug|x64.ActiveCfg = Debug|Any CPU
		{911C9EA7-4CE8-4E97-9811-0C8BCD7467C2}.Debug|x64.Build.0 = Debug|Any CPU
		{911C9EA7-4CE8-4E97-9811-0C8BCD7467C2}.Debug|x86.ActiveCfg = Debug|Any CPU
		{911C9EA7-4CE8-4E97-9811-0C8BCD7467C2}.Debug|x86.Build.0 = Debug|Any CPU
		{911C9EA7-4CE8-4E97-9811-0C8BCD7467C2}.Release|Any CPU.ActiveCfg = Release|Any CPU
		{911C9EA7-4CE8-4E97-9811-0C8BCD7467C2}.Release|Any CPU.Build.0 = Release|Any CPU
		{911C9EA7-4CE8-4E97-9811-0C8BCD7467C2}.Release|x64.ActiveCfg = Release|Any CPU
		{911C9EA7-4CE8-4E97-9811-0C8BCD7467C2}.Release|x64.Build.0 = Release|Any CPU
		{911C9EA7-4CE8-4E97-9811-0C8BCD7467C2}.Release|x86.ActiveCfg = Release|Any CPU
		{911C9EA7-4CE8-4E97-9811-0C8BCD7467C2}.Release|x86.Build.0 = Release|Any CPU
	EndGlobalSection
	GlobalSection(SolutionProperties) = preSolution
		HideSolutionNode = FALSE
	EndGlobalSection
	GlobalSection(ExtensibilityGlobals) = postSolution
		SolutionGuid = {C69FA0D5-4137-4C23-AD0E-701718E594B0}
	EndGlobalSection
EndGlobal
