
Microsoft Visual Studio Solution File, Format Version 12.00
# Visual Studio Version 17
VisualStudioVersion = 17.5.2.0
MinimumVisualStudioVersion = 10.0.40219.1
Project("{FAE04EC0-301F-11D3-BF4B-00C04F79EFBC}") = "Employee Survey", "Employee Survey.csproj", "{36343F3A-F7B0-1687-1874-C174CFB6CF67}"
EndProject
Project("{2150E333-8FDC-42A3-9474-1A3956D46DE8}") = "AdminApp", "AdminApp", "{403FCE10-C8DA-8384-4634-193F1D4F9035}"
EndProject
Project("{FAE04EC0-301F-11D3-BF4B-00C04F79EFBC}") = "EmployeeSurvey.AdminApp", "AdminApp\EmployeeSurvey.AdminApp\EmployeeSurvey.AdminApp.csproj", "{5FA0A86A-BD98-4E9E-8C27-B60E70C67EA5}"
EndProject
Global
	GlobalSection(SolutionConfigurationPlatforms) = preSolution
		Debug|Any CPU = Debug|Any CPU
		Debug|x64 = Debug|x64
		Debug|x86 = Debug|x86
		Release|Any CPU = Release|Any CPU
		Release|x64 = Release|x64
		Release|x86 = Release|x86
	EndGlobalSection
	GlobalSection(ProjectConfigurationPlatforms) = postSolution
		{36343F3A-F7B0-1687-1874-C174CFB6CF67}.Debug|Any CPU.ActiveCfg = Debug|Any CPU
		{36343F3A-F7B0-1687-1874-C174CFB6CF67}.Debug|Any CPU.Build.0 = Debug|Any CPU
		{36343F3A-F7B0-1687-1874-C174CFB6CF67}.Debug|x64.ActiveCfg = Debug|Any CPU
		{36343F3A-F7B0-1687-1874-C174CFB6CF67}.Debug|x64.Build.0 = Debug|Any CPU
		{36343F3A-F7B0-1687-1874-C174CFB6CF67}.Debug|x86.ActiveCfg = Debug|Any CPU
		{36343F3A-F7B0-1687-1874-C174CFB6CF67}.Debug|x86.Build.0 = Debug|Any CPU
		{36343F3A-F7B0-1687-1874-C174CFB6CF67}.Release|Any CPU.ActiveCfg = Release|Any CPU
		{36343F3A-F7B0-1687-1874-C174CFB6CF67}.Release|Any CPU.Build.0 = Release|Any CPU
		{36343F3A-F7B0-1687-1874-C174CFB6CF67}.Release|x64.ActiveCfg = Release|Any CPU
		{36343F3A-F7B0-1687-1874-C174CFB6CF67}.Release|x64.Build.0 = Release|Any CPU
		{36343F3A-F7B0-1687-1874-C174CFB6CF67}.Release|x86.ActiveCfg = Release|Any CPU
		{36343F3A-F7B0-1687-1874-C174CFB6CF67}.Release|x86.Build.0 = Release|Any CPU
		{5FA0A86A-BD98-4E9E-8C27-B60E70C67EA5}.Debug|Any CPU.ActiveCfg = Debug|Any CPU
		{5FA0A86A-BD98-4E9E-8C27-B60E70C67EA5}.Debug|Any CPU.Build.0 = Debug|Any CPU
		{5FA0A86A-BD98-4E9E-8C27-B60E70C67EA5}.Debug|x64.ActiveCfg = Debug|Any CPU
		{5FA0A86A-BD98-4E9E-8C27-B60E70C67EA5}.Debug|x64.Build.0 = Debug|Any CPU
		{5FA0A86A-BD98-4E9E-8C27-B60E70C67EA5}.Debug|x86.ActiveCfg = Debug|Any CPU
		{5FA0A86A-BD98-4E9E-8C27-B60E70C67EA5}.Debug|x86.Build.0 = Debug|Any CPU
		{5FA0A86A-BD98-4E9E-8C27-B60E70C67EA5}.Release|Any CPU.ActiveCfg = Release|Any CPU
		{5FA0A86A-BD98-4E9E-8C27-B60E70C67EA5}.Release|Any CPU.Build.0 = Release|Any CPU
		{5FA0A86A-BD98-4E9E-8C27-B60E70C67EA5}.Release|x64.ActiveCfg = Release|Any CPU
		{5FA0A86A-BD98-4E9E-8C27-B60E70C67EA5}.Release|x64.Build.0 = Release|Any CPU
		{5FA0A86A-BD98-4E9E-8C27-B60E70C67EA5}.Release|x86.ActiveCfg = Release|Any CPU
		{5FA0A86A-BD98-4E9E-8C27-B60E70C67EA5}.Release|x86.Build.0 = Release|Any CPU
	EndGlobalSection
	GlobalSection(SolutionProperties) = preSolution
		HideSolutionNode = FALSE
	EndGlobalSection
	GlobalSection(NestedProjects) = preSolution
		{5FA0A86A-BD98-4E9E-8C27-B60E70C67EA5} = {403FCE10-C8DA-8384-4634-193F1D4F9035}
	EndGlobalSection
	GlobalSection(ExtensibilityGlobals) = postSolution
		SolutionGuid = {2E2188C1-B6E5-4761-A800-F71363AAA0CF}
	EndGlobalSection
EndGlobal
